# This file was autogenerated by uv via the following command:
#    uv pip compile pyproject.toml -o requirements.lock
asgiref==3.9.1
    # via uvicorn
bcrypt==4.3.0
    # via passlib
cffi==1.17.1
    # via cryptography
click==8.2.1
    # via uvicorn
cryptography==45.0.5
    # via python-jose
ecdsa==0.19.1
    # via python-jose
fastapi==0.68.2
    # via startup-bakery (pyproject.toml)
h11==0.16.0
    # via uvicorn
passlib==1.7.4
    # via startup-bakery (pyproject.toml)
pyasn1==0.6.1
    # via
    #   python-jose
    #   rsa
pycparser==2.22
    # via cffi
pydantic==1.10.22
    # via
    #   startup-bakery (pyproject.toml)
    #   fastapi
python-dotenv==0.19.2
    # via startup-bakery (pyproject.toml)
python-jose==3.5.0
    # via startup-bakery (pyproject.toml)
python-multipart==0.0.5
    # via startup-bakery (pyproject.toml)
rsa==4.9.1
    # via python-jose
six==1.17.0
    # via
    #   ecdsa
    #   python-multipart
starlette==0.14.2
    # via fastapi
typing-extensions==4.14.1
    # via pydantic
uvicorn==0.15.0
    # via startup-bakery (pyproject.toml)
